
Microsoft Visual Studio Solution File, Format Version 12.00
# Visual Studio Version 17
VisualStudioVersion = 17.10.34928.147
MinimumVisualStudioVersion = 10.0.40219.1
Project("{FAE04EC0-301F-11D3-BF4B-00C04F79EFBC}") = "gestion_tareas_net", "gestion_tareas_net\gestion_tareas_net.csproj", "{794529D3-E321-4C78-AD46-FCE938D35731}"
EndProject
Project("{FAE04EC0-301F-11D3-BF4B-00C04F79EFBC}") = "Application", "Application\Application.csproj", "{AA709649-3169-432E-A65F-F1D584E58FD3}"
EndProject
Project("{FAE04EC0-301F-11D3-BF4B-00C04F79EFBC}") = "Domain", "Domain\Domain.csproj", "{417864F5-67F3-4731-90FE-D845D1A815DC}"
EndProject
Project("{FAE04EC0-301F-11D3-BF4B-00C04F79EFBC}") = "Infrastructure", "Infrastructure\Infrastructure.csproj", "{84F35437-C4DD-44B5-A3BF-5E53B8B0B78A}"
EndProject
Project("{FAE04EC0-301F-11D3-BF4B-00C04F79EFBC}") = "Shared", "Shared\Shared.csproj", "{5A4FB801-464D-4F00-8002-C4C082BA3A98}"
EndProject
Global
	GlobalSection(SolutionConfigurationPlatforms) = preSolution
		Debug|Any CPU = Debug|Any CPU
		Release|Any CPU = Release|Any CPU
	EndGlobalSection
	GlobalSection(ProjectConfigurationPlatforms) = postSolution
		{794529D3-E321-4C78-AD46-FCE938D35731}.Debug|Any CPU.ActiveCfg = Debug|Any CPU
		{794529D3-E321-4C78-AD46-FCE938D35731}.Debug|Any CPU.Build.0 = Debug|Any CPU
		{794529D3-E321-4C78-AD46-FCE938D35731}.Release|Any CPU.ActiveCfg = Release|Any CPU
		{794529D3-E321-4C78-AD46-FCE938D35731}.Release|Any CPU.Build.0 = Release|Any CPU
		{AA709649-3169-432E-A65F-F1D584E58FD3}.Debug|Any CPU.ActiveCfg = Debug|Any CPU
		{AA709649-3169-432E-A65F-F1D584E58FD3}.Debug|Any CPU.Build.0 = Debug|Any CPU
		{AA709649-3169-432E-A65F-F1D584E58FD3}.Release|Any CPU.ActiveCfg = Release|Any CPU
		{AA709649-3169-432E-A65F-F1D584E58FD3}.Release|Any CPU.Build.0 = Release|Any CPU
		{417864F5-67F3-4731-90FE-D845D1A815DC}.Debug|Any CPU.ActiveCfg = Debug|Any CPU
		{417864F5-67F3-4731-90FE-D845D1A815DC}.Debug|Any CPU.Build.0 = Debug|Any CPU
		{417864F5-67F3-4731-90FE-D845D1A815DC}.Release|Any CPU.ActiveCfg = Release|Any CPU
		{417864F5-67F3-4731-90FE-D845D1A815DC}.Release|Any CPU.Build.0 = Release|Any CPU
		{84F35437-C4DD-44B5-A3BF-5E53B8B0B78A}.Debug|Any CPU.ActiveCfg = Debug|Any CPU
		{84F35437-C4DD-44B5-A3BF-5E53B8B0B78A}.Debug|Any CPU.Build.0 = Debug|Any CPU
		{84F35437-C4DD-44B5-A3BF-5E53B8B0B78A}.Release|Any CPU.ActiveCfg = Release|Any CPU
		{84F35437-C4DD-44B5-A3BF-5E53B8B0B78A}.Release|Any CPU.Build.0 = Release|Any CPU
		{5A4FB801-464D-4F00-8002-C4C082BA3A98}.Debug|Any CPU.ActiveCfg = Debug|Any CPU
		{5A4FB801-464D-4F00-8002-C4C082BA3A98}.Debug|Any CPU.Build.0 = Debug|Any CPU
		{5A4FB801-464D-4F00-8002-C4C082BA3A98}.Release|Any CPU.ActiveCfg = Release|Any CPU
		{5A4FB801-464D-4F00-8002-C4C082BA3A98}.Release|Any CPU.Build.0 = Release|Any CPU
	EndGlobalSection
	GlobalSection(SolutionProperties) = preSolution
		HideSolutionNode = FALSE
	EndGlobalSection
	GlobalSection(ExtensibilityGlobals) = postSolution
		SolutionGuid = {8E1C6854-CA8C-4668-84FC-EA77E9B13AAB}
	EndGlobalSection
EndGlobal
